// !$*UTF8*$!
{
	archiveVersion = 1;
	classes = {
	};
	objectVersion = 56;
	objects = {

/* Begin PBXBuildFile section */
		E107CF1B2A10DC3200BC0919 /* DetailView.swift in Sources */ = {isa = PBXBuildFile; fileRef = E107CF1A2A10DC3200BC0919 /* DetailView.swift */; };
		E107CF1D2A10DC8000BC0919 /* LoadingView.swift in Sources */ = {isa = PBXBuildFile; fileRef = E107CF1C2A10DC8000BC0919 /* LoadingView.swift */; };
		E107CF1F2A10DC8F00BC0919 /* ErrorView.swift in Sources */ = {isa = PBXBuildFile; fileRef = E107CF1E2A10DC8F00BC0919 /* ErrorView.swift */; };
		E107CF212A10DCA400BC0919 /* CatList.swift in Sources */ = {isa = PBXBuildFile; fileRef = E107CF202A10DCA400BC0919 /* CatList.swift */; };
		E107CF232A10DCAC00BC0919 /* CatItem.swift in Sources */ = {isa = PBXBuildFile; fileRef = E107CF222A10DCAC00BC0919 /* CatItem.swift */; };
		E123FA062A0F812E00FFD57F /* APIError.swift in Sources */ = {isa = PBXBuildFile; fileRef = E123FA052A0F812E00FFD57F /* APIError.swift */; };
		E123FA082A0F813500FFD57F /* APIService.swift in Sources */ = {isa = PBXBuildFile; fileRef = E123FA072A0F813500FFD57F /* APIService.swift */; };
		E15B6E562A0E5D8A00E4FEA8 /* CatLibraryApp.swift in Sources */ = {isa = PBXBuildFile; fileRef = E15B6E552A0E5D8A00E4FEA8 /* CatLibraryApp.swift */; };
		E15B6E582A0E5D8A00E4FEA8 /* ContentView.swift in Sources */ = {isa = PBXBuildFile; fileRef = E15B6E572A0E5D8A00E4FEA8 /* ContentView.swift */; };
		E15B6E5A2A0E5D8C00E4FEA8 /* Assets.xcassets in Resources */ = {isa = PBXBuildFile; fileRef = E15B6E592A0E5D8C00E4FEA8 /* Assets.xcassets */; };
		E15B6E5D2A0E5D8C00E4FEA8 /* Preview Assets.xcassets in Resources */ = {isa = PBXBuildFile; fileRef = E15B6E5C2A0E5D8C00E4FEA8 /* Preview Assets.xcassets */; };
		E15B6E642A0E5DA300E4FEA8 /* Model.swift in Sources */ = {isa = PBXBuildFile; fileRef = E15B6E632A0E5DA300E4FEA8 /* Model.swift */; };
		E15B6E672A0E72D400E4FEA8 /* CatImage.swift in Sources */ = {isa = PBXBuildFile; fileRef = E15B6E662A0E72D400E4FEA8 /* CatImage.swift */; };
		E15B6E6A2A0E730B00E4FEA8 /* DataFetcher.swift in Sources */ = {isa = PBXBuildFile; fileRef = E15B6E692A0E730B00E4FEA8 /* DataFetcher.swift */; };
/* End PBXBuildFile section */

/* Begin PBXFileReference section */
		E107CF1A2A10DC3200BC0919 /* DetailView.swift */ = {isa = PBXFileReference; lastKnownFileType = sourcecode.swift; path = DetailView.swift; sourceTree = "<group>"; };
		E107CF1C2A10DC8000BC0919 /* LoadingView.swift */ = {isa = PBXFileReference; lastKnownFileType = sourcecode.swift; path = LoadingView.swift; sourceTree = "<group>"; };
		E107CF1E2A10DC8F00BC0919 /* ErrorView.swift */ = {isa = PBXFileReference; lastKnownFileType = sourcecode.swift; path = ErrorView.swift; sourceTree = "<group>"; };
		E107CF202A10DCA400BC0919 /* CatList.swift */ = {isa = PBXFileReference; lastKnownFileType = sourcecode.swift; path = CatList.swift; sourceTree = "<group>"; };
		E107CF222A10DCAC00BC0919 /* CatItem.swift */ = {isa = PBXFileReference; lastKnownFileType = sourcecode.swift; path = CatItem.swift; sourceTree = "<group>"; };
		E123FA052A0F812E00FFD57F /* APIError.swift */ = {isa = PBXFileReference; lastKnownFileType = sourcecode.swift; path = APIError.swift; sourceTree = "<group>"; };
		E123FA072A0F813500FFD57F /* APIService.swift */ = {isa = PBXFileReference; lastKnownFileType = sourcecode.swift; path = APIService.swift; sourceTree = "<group>"; };
		E15B6E522A0E5D8A00E4FEA8 /* CatLibrary.app */ = {isa = PBXFileReference; explicitFileType = wrapper.application; includeInIndex = 0; path = CatLibrary.app; sourceTree = BUILT_PRODUCTS_DIR; };
		E15B6E552A0E5D8A00E4FEA8 /* CatLibraryApp.swift */ = {isa = PBXFileReference; lastKnownFileType = sourcecode.swift; path = CatLibraryApp.swift; sourceTree = "<group>"; };
		E15B6E572A0E5D8A00E4FEA8 /* ContentView.swift */ = {isa = PBXFileReference; lastKnownFileType = sourcecode.swift; path = ContentView.swift; sourceTree = "<group>"; };
		E15B6E592A0E5D8C00E4FEA8 /* Assets.xcassets */ = {isa = PBXFileReference; lastKnownFileType = folder.assetcatalog; path = Assets.xcassets; sourceTree = "<group>"; };
		E15B6E5C2A0E5D8C00E4FEA8 /* Preview Assets.xcassets */ = {isa = PBXFileReference; lastKnownFileType = folder.assetcatalog; path = "Preview Assets.xcassets"; sourceTree = "<group>"; };
		E15B6E632A0E5DA300E4FEA8 /* Model.swift */ = {isa = PBXFileReference; lastKnownFileType = sourcecode.swift; path = Model.swift; sourceTree = "<group>"; };
		E15B6E662A0E72D400E4FEA8 /* CatImage.swift */ = {isa = PBXFileReference; lastKnownFileType = sourcecode.swift; path = CatImage.swift; sourceTree = "<group>"; };
		E15B6E692A0E730B00E4FEA8 /* DataFetcher.swift */ = {isa = PBXFileReference; lastKnownFileType = sourcecode.swift; path = DataFetcher.swift; sourceTree = "<group>"; };
/* End PBXFileReference section */

/* Begin PBXFrameworksBuildPhase section */
		E15B6E4F2A0E5D8A00E4FEA8 /* Frameworks */ = {
			isa = PBXFrameworksBuildPhase;
			buildActionMask = 2147483647;
			files = (
			);
			runOnlyForDeploymentPostprocessing = 0;
		};
/* End PBXFrameworksBuildPhase section */

/* Begin PBXGroup section */
		E123FA0F2A0F815800FFD57F /* ViewContents */ = {
			isa = PBXGroup;
			children = (
				E107CF1A2A10DC3200BC0919 /* DetailView.swift */,
				E107CF1C2A10DC8000BC0919 /* LoadingView.swift */,
				E107CF1E2A10DC8F00BC0919 /* ErrorView.swift */,
				E107CF202A10DCA400BC0919 /* CatList.swift */,
				E107CF222A10DCAC00BC0919 /* CatItem.swift */,
			);
			path = ViewContents;
			sourceTree = "<group>";
		};
		E15B6E492A0E5D8A00E4FEA8 = {
			isa = PBXGroup;
			children = (
				E15B6E542A0E5D8A00E4FEA8 /* CatLibrary */,
				E15B6E532A0E5D8A00E4FEA8 /* Products */,
			);
			sourceTree = "<group>";
		};
		E15B6E532A0E5D8A00E4FEA8 /* Products */ = {
			isa = PBXGroup;
			children = (
				E15B6E522A0E5D8A00E4FEA8 /* CatLibrary.app */,
			);
			name = Products;
			sourceTree = "<group>";
		};
		E15B6E542A0E5D8A00E4FEA8 /* CatLibrary */ = {
			isa = PBXGroup;
			children = (
				E15B6E552A0E5D8A00E4FEA8 /* CatLibraryApp.swift */,
				E15B6E572A0E5D8A00E4FEA8 /* ContentView.swift */,
				E123FA0F2A0F815800FFD57F /* ViewContents */,
				E15B6E682A0E72F400E4FEA8 /* NetWorking */,
				E15B6E652A0E729C00E4FEA8 /* CatModel */,
				E15B6E592A0E5D8C00E4FEA8 /* Assets.xcassets */,
				E15B6E5B2A0E5D8C00E4FEA8 /* Preview Content */,
			);
			path = CatLibrary;
			sourceTree = "<group>";
		};
		E15B6E5B2A0E5D8C00E4FEA8 /* Preview Content */ = {
			isa = PBXGroup;
			children = (
				E15B6E5C2A0E5D8C00E4FEA8 /* Preview Assets.xcassets */,
			);
			path = "Preview Content";
			sourceTree = "<group>";
		};
		E15B6E652A0E729C00E4FEA8 /* CatModel */ = {
			isa = PBXGroup;
			children = (
				E15B6E632A0E5DA300E4FEA8 /* Model.swift */,
				E15B6E662A0E72D400E4FEA8 /* CatImage.swift */,
			);
			path = CatModel;
			sourceTree = "<group>";
		};
		E15B6E682A0E72F400E4FEA8 /* NetWorking */ = {
			isa = PBXGroup;
			children = (
				E123FA052A0F812E00FFD57F /* APIError.swift */,
				E123FA072A0F813500FFD57F /* APIService.swift */,
				E15B6E692A0E730B00E4FEA8 /* DataFetcher.swift */,
			);
			path = NetWorking;
			sourceTree = "<group>";
		};
/* End PBXGroup section */

/* Begin PBXNativeTarget section */
		E15B6E512A0E5D8A00E4FEA8 /* CatLibrary */ = {
			isa = PBXNativeTarget;
			buildConfigurationList = E15B6E602A0E5D8C00E4FEA8 /* Build configuration list for PBXNativeTarget "CatLibrary" */;
			buildPhases = (
				E15B6E4E2A0E5D8A00E4FEA8 /* Sources */,
				E15B6E4F2A0E5D8A00E4FEA8 /* Frameworks */,
				E15B6E502A0E5D8A00E4FEA8 /* Resources */,
			);
			buildRules = (
			);
			dependencies = (
			);
			name = CatLibrary;
			productName = CatLibrary;
			productReference = E15B6E522A0E5D8A00E4FEA8 /* CatLibrary.app */;
			productType = "com.apple.product-type.application";
		};
/* End PBXNativeTarget section */

/* Begin PBXProject section */
		E15B6E4A2A0E5D8A00E4FEA8 /* Project object */ = {
			isa = PBXProject;
			attributes = {
				BuildIndependentTargetsInParallel = 1;
				LastSwiftUpdateCheck = 1430;
				LastUpgradeCheck = 1430;
				TargetAttributes = {
					E15B6E512A0E5D8A00E4FEA8 = {
						CreatedOnToolsVersion = 14.3;
					};
				};
			};
			buildConfigurationList = E15B6E4D2A0E5D8A00E4FEA8 /* Build configuration list for PBXProject "CatLibrary" */;
			compatibilityVersion = "Xcode 14.0";
			developmentRegion = en;
			hasScannedForEncodings = 0;
			knownRegions = (
				en,
				Base,
			);
			mainGroup = E15B6E492A0E5D8A00E4FEA8;
			productRefGroup = E15B6E532A0E5D8A00E4FEA8 /* Products */;
			projectDirPath = "";
			projectRoot = "";
			targets = (
				E15B6E512A0E5D8A00E4FEA8 /* CatLibrary */,
			);
		};
/* End PBXProject section */

/* Begin PBXResourcesBuildPhase section */
		E15B6E502A0E5D8A00E4FEA8 /* Resources */ = {
			isa = PBXResourcesBuildPhase;
			buildActionMask = 2147483647;
			files = (
				E15B6E5D2A0E5D8C00E4FEA8 /* Preview Assets.xcassets in Resources */,
				E15B6E5A2A0E5D8C00E4FEA8 /* Assets.xcassets in Resources */,
			);
			runOnlyForDeploymentPostprocessing = 0;
		};
/* End PBXResourcesBuildPhase section */

/* Begin PBXSourcesBuildPhase section */
		E15B6E4E2A0E5D8A00E4FEA8 /* Sources */ = {
			isa = PBXSourcesBuildPhase;
			buildActionMask = 2147483647;
			files = (
				E15B6E6A2A0E730B00E4FEA8 /* DataFetcher.swift in Sources */,
				E123FA082A0F813500FFD57F /* APIService.swift in Sources */,
				E15B6E672A0E72D400E4FEA8 /* CatImage.swift in Sources */,
				E107CF232A10DCAC00BC0919 /* CatItem.swift in Sources */,
				E15B6E642A0E5DA300E4FEA8 /* Model.swift in Sources */,
				E107CF1B2A10DC3200BC0919 /* DetailView.swift in Sources */,
				E107CF1F2A10DC8F00BC0919 /* ErrorView.swift in Sources */,
				E15B6E582A0E5D8A00E4FEA8 /* ContentView.swift in Sources */,
				E107CF212A10DCA400BC0919 /* CatList.swift in Sources */,
				E15B6E562A0E5D8A00E4FEA8 /* CatLibraryApp.swift in Sources */,
				E123FA062A0F812E00FFD57F /* APIError.swift in Sources */,
				E107CF1D2A10DC8000BC0919 /* LoadingView.swift in Sources */,
			);
			runOnlyForDeploymentPostprocessing = 0;
		};
/* End PBXSourcesBuildPhase section */

/* Begin XCBuildConfiguration section */
		E15B6E5E2A0E5D8C00E4FEA8 /* Debug */ = {
			isa = XCBuildConfiguration;
			buildSettings = {
				ALWAYS_SEARCH_USER_PATHS = NO;
				CLANG_ANALYZER_NONNULL = YES;
				CLANG_ANALYZER_NUMBER_OBJECT_CONVERSION = YES_AGGRESSIVE;
				CLANG_CXX_LANGUAGE_STANDARD = "gnu++20";
				CLANG_ENABLE_MODULES = YES;
				CLANG_ENABLE_OBJC_ARC = YES;
				CLANG_ENABLE_OBJC_WEAK = YES;
				CLANG_WARN_BLOCK_CAPTURE_AUTORELEASING = YES;
				CLANG_WARN_BOOL_CONVERSION = YES;
				CLANG_WARN_COMMA = YES;
				CLANG_WARN_CONSTANT_CONVERSION = YES;
				CLANG_WARN_DEPRECATED_OBJC_IMPLEMENTATIONS = YES;
				CLANG_WARN_DIRECT_OBJC_ISA_USAGE = YES_ERROR;
				CLANG_WARN_DOCUMENTATION_COMMENTS = YES;
				CLANG_WARN_EMPTY_BODY = YES;
				CLANG_WARN_ENUM_CONVERSION = YES;
				CLANG_WARN_INFINITE_RECURSION = YES;
				CLANG_WARN_INT_CONVERSION = YES;
				CLANG_WARN_NON_LITERAL_NULL_CONVERSION = YES;
				CLANG_WARN_OBJC_IMPLICIT_RETAIN_SELF = YES;
				CLANG_WARN_OBJC_LITERAL_CONVERSION = YES;
				CLANG_WARN_OBJC_ROOT_CLASS = YES_ERROR;
				CLANG_WARN_QUOTED_INCLUDE_IN_FRAMEWORK_HEADER = YES;
				CLANG_WARN_RANGE_LOOP_ANALYSIS = YES;
				CLANG_WARN_STRICT_PROTOTYPES = YES;
				CLANG_WARN_SUSPICIOUS_MOVE = YES;
				CLANG_WARN_UNGUARDED_AVAILABILITY = YES_AGGRESSIVE;
				CLANG_WARN_UNREACHABLE_CODE = YES;
				CLANG_WARN__DUPLICATE_METHOD_MATCH = YES;
				COPY_PHASE_STRIP = NO;
				DEBUG_INFORMATION_FORMAT = dwarf;
				ENABLE_STRICT_OBJC_MSGSEND = YES;
				ENABLE_TESTABILITY = YES;
				GCC_C_LANGUAGE_STANDARD = gnu11;
				GCC_DYNAMIC_NO_PIC = NO;
				GCC_NO_COMMON_BLOCKS = YES;
				GCC_OPTIMIZATION_LEVEL = 0;
				GCC_PREPROCESSOR_DEFINITIONS = (
					"DEBUG=1",
					"$(inherited)",
				);
				GCC_WARN_64_TO_32_BIT_CONVERSION = YES;
				GCC_WARN_ABOUT_RETURN_TYPE = YES_ERROR;
				GCC_WARN_UNDECLARED_SELECTOR = YES;
				GCC_WARN_UNINITIALIZED_AUTOS = YES_AGGRESSIVE;
				GCC_WARN_UNUSED_FUNCTION = YES;
				GCC_WARN_UNUSED_VARIABLE = YES;
				IPHONEOS_DEPLOYMENT_TARGET = 16.4;
				MTL_ENABLE_DEBUG_INFO = INCLUDE_SOURCE;
				MTL_FAST_MATH = YES;
				ONLY_ACTIVE_ARCH = YES;
				SDKROOT = iphoneos;
				SWIFT_ACTIVE_COMPILATION_CONDITIONS = DEBUG;
				SWIFT_OPTIMIZATION_LEVEL = "-Onone";
			};
			name = Debug;
		};
		E15B6E5F2A0E5D8C00E4FEA8 /* Release */ = {
			isa = XCBuildConfiguration;
			buildSettings = {
				ALWAYS_SEARCH_USER_PATHS = NO;
				CLANG_ANALYZER_NONNULL = YES;
				CLANG_ANALYZER_NUMBER_OBJECT_CONVERSION = YES_AGGRESSIVE;
				CLANG_CXX_LANGUAGE_STANDARD = "gnu++20";
				CLANG_ENABLE_MODULES = YES;
				CLANG_ENABLE_OBJC_ARC = YES;
				CLANG_ENABLE_OBJC_WEAK = YES;
				CLANG_WARN_BLOCK_CAPTURE_AUTORELEASING = YES;
				CLANG_WARN_BOOL_CONVERSION = YES;
				CLANG_WARN_COMMA = YES;
				CLANG_WARN_CONSTANT_CONVERSION = YES;
				CLANG_WARN_DEPRECATED_OBJC_IMPLEMENTATIONS = YES;
				CLANG_WARN_DIRECT_OBJC_ISA_USAGE = YES_ERROR;
				CLANG_WARN_DOCUMENTATION_COMMENTS = YES;
				CLANG_WARN_EMPTY_BODY = YES;
				CLANG_WARN_ENUM_CONVERSION = YES;
				CLANG_WARN_INFINITE_RECURSION = YES;
				CLANG_WARN_INT_CONVERSION = YES;
				CLANG_WARN_NON_LITERAL_NULL_CONVERSION = YES;
				CLANG_WARN_OBJC_IMPLICIT_RETAIN_SELF = YES;
				CLANG_WARN_OBJC_LITERAL_CONVERSION = YES;
				CLANG_WARN_OBJC_ROOT_CLASS = YES_ERROR;
				CLANG_WARN_QUOTED_INCLUDE_IN_FRAMEWORK_HEADER = YES;
				CLANG_WARN_RANGE_LOOP_ANALYSIS = YES;
				CLANG_WARN_STRICT_PROTOTYPES = YES;
				CLANG_WARN_SUSPICIOUS_MOVE = YES;
				CLANG_WARN_UNGUARDED_AVAILABILITY = YES_AGGRESSIVE;
				CLANG_WARN_UNREACHABLE_CODE = YES;
				CLANG_WARN__DUPLICATE_METHOD_MATCH = YES;
				COPY_PHASE_STRIP = NO;
				DEBUG_INFORMATION_FORMAT = "dwarf-with-dsym";
				ENABLE_NS_ASSERTIONS = NO;
				ENABLE_STRICT_OBJC_MSGSEND = YES;
				GCC_C_LANGUAGE_STANDARD = gnu11;
				GCC_NO_COMMON_BLOCKS = YES;
				GCC_WARN_64_TO_32_BIT_CONVERSION = YES;
				GCC_WARN_ABOUT_RETURN_TYPE = YES_ERROR;
				GCC_WARN_UNDECLARED_SELECTOR = YES;
				GCC_WARN_UNINITIALIZED_AUTOS = YES_AGGRESSIVE;
				GCC_WARN_UNUSED_FUNCTION = YES;
				GCC_WARN_UNUSED_VARIABLE = YES;
				IPHONEOS_DEPLOYMENT_TARGET = 16.4;
				MTL_ENABLE_DEBUG_INFO = NO;
				MTL_FAST_MATH = YES;
				SDKROOT = iphoneos;
				SWIFT_COMPILATION_MODE = wholemodule;
				SWIFT_OPTIMIZATION_LEVEL = "-O";
				VALIDATE_PRODUCT = YES;
			};
			name = Release;
		};
		E15B6E612A0E5D8C00E4FEA8 /* Debug */ = {
			isa = XCBuildConfiguration;
			buildSettings = {
				ASSETCATALOG_COMPILER_APPICON_NAME = AppIcon;
				ASSETCATALOG_COMPILER_GLOBAL_ACCENT_COLOR_NAME = AccentColor;
				CODE_SIGN_STYLE = Automatic;
				CURRENT_PROJECT_VERSION = 1;
				DEVELOPMENT_ASSET_PATHS = "\"CatLibrary/Preview Content\"";
				ENABLE_PREVIEWS = YES;
				GENERATE_INFOPLIST_FILE = YES;
				INFOPLIST_KEY_UIApplicationSceneManifest_Generation = YES;
				INFOPLIST_KEY_UIApplicationSupportsIndirectInputEvents = YES;
				INFOPLIST_KEY_UILaunchScreen_Generation = YES;
				INFOPLIST_KEY_UISupportedInterfaceOrientations_iPad = "UIInterfaceOrientationPortrait UIInterfaceOrientationPortraitUpsideDown UIInterfaceOrientationLandscapeLeft UIInterfaceOrientationLandscapeRight";
				INFOPLIST_KEY_UISupportedInterfaceOrientations_iPhone = "UIInterfaceOrientationPortrait UIInterfaceOrientationLandscapeLeft UIInterfaceOrientationLandscapeRight";
				LD_RUNPATH_SEARCH_PATHS = (
					"$(inherited)",
					"@executable_path/Frameworks",
				);
				MARKETING_VERSION = 1.0;
				PRODUCT_BUNDLE_IDENTIFIER = leaff.CatLibrary;
				PRODUCT_NAME = "$(TARGET_NAME)";
				SWIFT_EMIT_LOC_STRINGS = YES;
				SWIFT_VERSION = 5.0;
				TARGETED_DEVICE_FAMILY = "1,2";
			};
			name = Debug;
		};
		E15B6E622A0E5D8C00E4FEA8 /* Release */ = {
			isa = XCBuildConfiguration;
			buildSettings = {
				ASSETCATALOG_COMPILER_APPICON_NAME = AppIcon;
				ASSETCATALOG_COMPILER_GLOBAL_ACCENT_COLOR_NAME = AccentColor;
				CODE_SIGN_STYLE = Automatic;
				CURRENT_PROJECT_VERSION = 1;
				DEVELOPMENT_ASSET_PATHS = "\"CatLibrary/Preview Content\"";
				ENABLE_PREVIEWS = YES;
				GENERATE_INFOPLIST_FILE = YES;
				INFOPLIST_KEY_UIApplicationSceneManifest_Generation = YES;
				INFOPLIST_KEY_UIApplicationSupportsIndirectInputEvents = YES;
				INFOPLIST_KEY_UILaunchScreen_Generation = YES;
				INFOPLIST_KEY_UISupportedInterfaceOrientations_iPad = "UIInterfaceOrientationPortrait UIInterfaceOrientationPortraitUpsideDown UIInterfaceOrientationLandscapeLeft UIInterfaceOrientationLandscapeRight";
				INFOPLIST_KEY_UISupportedInterfaceOrientations_iPhone = "UIInterfaceOrientationPortrait UIInterfaceOrientationLandscapeLeft UIInterfaceOrientationLandscapeRight";
				LD_RUNPATH_SEARCH_PATHS = (
					"$(inherited)",
					"@executable_path/Frameworks",
				);
				MARKETING_VERSION = 1.0;
				PRODUCT_BUNDLE_IDENTIFIER = leaff.CatLibrary;
				PRODUCT_NAME = "$(TARGET_NAME)";
				SWIFT_EMIT_LOC_STRINGS = YES;
				SWIFT_VERSION = 5.0;
				TARGETED_DEVICE_FAMILY = "1,2";
			};
			name = Release;
		};
/* End XCBuildConfiguration section */

/* Begin XCConfigurationList section */
		E15B6E4D2A0E5D8A00E4FEA8 /* Build configuration list for PBXProject "CatLibrary" */ = {
			isa = XCConfigurationList;
			buildConfigurations = (
				E15B6E5E2A0E5D8C00E4FEA8 /* Debug */,
				E15B6E5F2A0E5D8C00E4FEA8 /* Release */,
			);
			defaultConfigurationIsVisible = 0;
			defaultConfigurationName = Release;
		};
		E15B6E602A0E5D8C00E4FEA8 /* Build configuration list for PBXNativeTarget "CatLibrary" */ = {
			isa = XCConfigurationList;
			buildConfigurations = (
				E15B6E612A0E5D8C00E4FEA8 /* Debug */,
				E15B6E622A0E5D8C00E4FEA8 /* Release */,
			);
			defaultConfigurationIsVisible = 0;
			defaultConfigurationName = Release;
		};
/* End XCConfigurationList section */
	};
	rootObject = E15B6E4A2A0E5D8A00E4FEA8 /* Project object */;
}
